
Microsoft Visual Studio Solution File, Format Version 12.00
# Visual Studio Version 16
VisualStudioVersion = 16.0.31729.503
MinimumVisualStudioVersion = 10.0.40219.1
Project("{2150E333-8FDC-42A3-9474-1A3956D46DE8}") = "Src", "Src", "{ADEB0324-7BA4-4C01-82AD-F8DFD45DC78F}"
EndProject
Project("{2150E333-8FDC-42A3-9474-1A3956D46DE8}") = "Doc", "Doc", "{DC632AF7-D8A7-4EC0-929E-BC81B5749705}"
EndProject
Project("{2150E333-8FDC-42A3-9474-1A3956D46DE8}") = "Test", "Test", "{3BC7C286-FDB7-431A-82AC-04F7E3C2A759}"
EndProject
Project("{2150E333-8FDC-42A3-9474-1A3956D46DE8}") = "Commons", "Commons", "{8CBFE6C0-43EF-45C9-9A47-747AD19F433B}"
EndProject
Project("{2150E333-8FDC-42A3-9474-1A3956D46DE8}") = "Core", "Core", "{621EFE2A-4EF9-4E6C-9532-8694AFB52355}"
EndProject
Project("{2150E333-8FDC-42A3-9474-1A3956D46DE8}") = "Infrastructures", "Infrastructures", "{975A4E6D-A298-477B-80A1-B20AA159CFC4}"
EndProject
Project("{2150E333-8FDC-42A3-9474-1A3956D46DE8}") = "Presentaion", "Presentaion", "{480FE8A0-F3FF-459B-9DAF-7914F5C8CC88}"
EndProject
Project("{9A19103F-16F7-4668-BE54-9A1E7A4F7556}") = "Common", "Common\Common.csproj", "{EC8F3814-76D2-47D8-A559-B4DFFAE02854}"
EndProject
Project("{9A19103F-16F7-4668-BE54-9A1E7A4F7556}") = "Application", "Application\Application.csproj", "{2E4D83F1-5422-4FDC-BCC5-F09EB634C877}"
EndProject
Project("{9A19103F-16F7-4668-BE54-9A1E7A4F7556}") = "Domain", "Domain\Domain.csproj", "{7335D593-34BF-4A2C-8DED-83DD66CE7D56}"
EndProject
Project("{9A19103F-16F7-4668-BE54-9A1E7A4F7556}") = "Infrastructure", "Infrastructure\Infrastructure.csproj", "{BE23E516-B9CA-4F12-BCFE-6CE963036924}"
EndProject
Project("{9A19103F-16F7-4668-BE54-9A1E7A4F7556}") = "Persistence", "Persistence\Persistence.csproj", "{9CFDC2F7-7112-4F16-8584-65A84754EEBC}"
EndProject
Project("{9A19103F-16F7-4668-BE54-9A1E7A4F7556}") = "EndPoint.Site", "EndPoint.Site\EndPoint.Site.csproj", "{FD4A7A16-5CCE-4F16-A831-14ECE3A82820}"
EndProject
Project("{9A19103F-16F7-4668-BE54-9A1E7A4F7556}") = "EndPoint.Admin", "EndPoint.Admin\EndPoint.Admin.csproj", "{C7211ABF-7830-4EAD-95AF-764BF728EF8F}"
EndProject
Project("{9A19103F-16F7-4668-BE54-9A1E7A4F7556}") = "Endpoint.StaticFile", "Endpoint.StaticFile\Endpoint.StaticFile.csproj", "{C1A35DB9-57B2-45F2-89F5-E1AE817940C4}"
EndProject
Project("{9A19103F-16F7-4668-BE54-9A1E7A4F7556}") = "EndPoint.IDP", "EndPoint.IDP\EndPoint.IDP.csproj", "{7608E972-DF55-45D9-96BA-D182AF13AFEF}"
EndProject
Project("{FAE04EC0-301F-11D3-BF4B-00C04F79EFBC}") = "BuilderTest", "BuilderTest\BuilderTest.csproj", "{5A35E2B7-1EE3-42D0-8871-9480C5B218A7}"
EndProject
Project("{FAE04EC0-301F-11D3-BF4B-00C04F79EFBC}") = "UnitTest.API", "UnitTest.API\UnitTest.API.csproj", "{37FE7D42-F387-4515-8126-2DB804BA4753}"
EndProject
Project("{FAE04EC0-301F-11D3-BF4B-00C04F79EFBC}") = "UnitTest.Application", "UnitTest.Application\UnitTest.Application.csproj", "{143F8D07-71F5-4F36-BDD7-CC5454024C4F}"
EndProject
Project("{FAE04EC0-301F-11D3-BF4B-00C04F79EFBC}") = "UnitTest.Controller", "UnitTest.Controller\UnitTest.Controller.csproj", "{D7CC10B1-4011-4E2A-B56F-E2663AFC9D6C}"
EndProject
Project("{FAE04EC0-301F-11D3-BF4B-00C04F79EFBC}") = "UnitTest.Domain", "UnitTest.Domain\UnitTest.Domain.csproj", "{36ED566A-7E06-4801-B1C0-F292195FE16F}"
EndProject
Global
	GlobalSection(SolutionConfigurationPlatforms) = preSolution
		Debug|Any CPU = Debug|Any CPU
		Release|Any CPU = Release|Any CPU
	EndGlobalSection
	GlobalSection(ProjectConfigurationPlatforms) = postSolution
		{EC8F3814-76D2-47D8-A559-B4DFFAE02854}.Debug|Any CPU.ActiveCfg = Debug|Any CPU
		{EC8F3814-76D2-47D8-A559-B4DFFAE02854}.Debug|Any CPU.Build.0 = Debug|Any CPU
		{EC8F3814-76D2-47D8-A559-B4DFFAE02854}.Release|Any CPU.ActiveCfg = Release|Any CPU
		{EC8F3814-76D2-47D8-A559-B4DFFAE02854}.Release|Any CPU.Build.0 = Release|Any CPU
		{2E4D83F1-5422-4FDC-BCC5-F09EB634C877}.Debug|Any CPU.ActiveCfg = Debug|Any CPU
		{2E4D83F1-5422-4FDC-BCC5-F09EB634C877}.Debug|Any CPU.Build.0 = Debug|Any CPU
		{2E4D83F1-5422-4FDC-BCC5-F09EB634C877}.Release|Any CPU.ActiveCfg = Release|Any CPU
		{2E4D83F1-5422-4FDC-BCC5-F09EB634C877}.Release|Any CPU.Build.0 = Release|Any CPU
		{7335D593-34BF-4A2C-8DED-83DD66CE7D56}.Debug|Any CPU.ActiveCfg = Debug|Any CPU
		{7335D593-34BF-4A2C-8DED-83DD66CE7D56}.Debug|Any CPU.Build.0 = Debug|Any CPU
		{7335D593-34BF-4A2C-8DED-83DD66CE7D56}.Release|Any CPU.ActiveCfg = Release|Any CPU
		{7335D593-34BF-4A2C-8DED-83DD66CE7D56}.Release|Any CPU.Build.0 = Release|Any CPU
		{BE23E516-B9CA-4F12-BCFE-6CE963036924}.Debug|Any CPU.ActiveCfg = Debug|Any CPU
		{BE23E516-B9CA-4F12-BCFE-6CE963036924}.Debug|Any CPU.Build.0 = Debug|Any CPU
		{BE23E516-B9CA-4F12-BCFE-6CE963036924}.Release|Any CPU.ActiveCfg = Release|Any CPU
		{BE23E516-B9CA-4F12-BCFE-6CE963036924}.Release|Any CPU.Build.0 = Release|Any CPU
		{9CFDC2F7-7112-4F16-8584-65A84754EEBC}.Debug|Any CPU.ActiveCfg = Debug|Any CPU
		{9CFDC2F7-7112-4F16-8584-65A84754EEBC}.Debug|Any CPU.Build.0 = Debug|Any CPU
		{9CFDC2F7-7112-4F16-8584-65A84754EEBC}.Release|Any CPU.ActiveCfg = Release|Any CPU
		{9CFDC2F7-7112-4F16-8584-65A84754EEBC}.Release|Any CPU.Build.0 = Release|Any CPU
		{FD4A7A16-5CCE-4F16-A831-14ECE3A82820}.Debug|Any CPU.ActiveCfg = Debug|Any CPU
		{FD4A7A16-5CCE-4F16-A831-14ECE3A82820}.Debug|Any CPU.Build.0 = Debug|Any CPU
		{FD4A7A16-5CCE-4F16-A831-14ECE3A82820}.Release|Any CPU.ActiveCfg = Release|Any CPU
		{FD4A7A16-5CCE-4F16-A831-14ECE3A82820}.Release|Any CPU.Build.0 = Release|Any CPU
		{C7211ABF-7830-4EAD-95AF-764BF728EF8F}.Debug|Any CPU.ActiveCfg = Debug|Any CPU
		{C7211ABF-7830-4EAD-95AF-764BF728EF8F}.Debug|Any CPU.Build.0 = Debug|Any CPU
		{C7211ABF-7830-4EAD-95AF-764BF728EF8F}.Release|Any CPU.ActiveCfg = Release|Any CPU
		{C7211ABF-7830-4EAD-95AF-764BF728EF8F}.Release|Any CPU.Build.0 = Release|Any CPU
		{C1A35DB9-57B2-45F2-89F5-E1AE817940C4}.Debug|Any CPU.ActiveCfg = Debug|Any CPU
		{C1A35DB9-57B2-45F2-89F5-E1AE817940C4}.Debug|Any CPU.Build.0 = Debug|Any CPU
		{C1A35DB9-57B2-45F2-89F5-E1AE817940C4}.Release|Any CPU.ActiveCfg = Release|Any CPU
		{C1A35DB9-57B2-45F2-89F5-E1AE817940C4}.Release|Any CPU.Build.0 = Release|Any CPU
		{7608E972-DF55-45D9-96BA-D182AF13AFEF}.Debug|Any CPU.ActiveCfg = Debug|Any CPU
		{7608E972-DF55-45D9-96BA-D182AF13AFEF}.Debug|Any CPU.Build.0 = Debug|Any CPU
		{7608E972-DF55-45D9-96BA-D182AF13AFEF}.Release|Any CPU.ActiveCfg = Release|Any CPU
		{7608E972-DF55-45D9-96BA-D182AF13AFEF}.Release|Any CPU.Build.0 = Release|Any CPU
		{5A35E2B7-1EE3-42D0-8871-9480C5B218A7}.Debug|Any CPU.ActiveCfg = Debug|Any CPU
		{5A35E2B7-1EE3-42D0-8871-9480C5B218A7}.Debug|Any CPU.Build.0 = Debug|Any CPU
		{5A35E2B7-1EE3-42D0-8871-9480C5B218A7}.Release|Any CPU.ActiveCfg = Release|Any CPU
		{5A35E2B7-1EE3-42D0-8871-9480C5B218A7}.Release|Any CPU.Build.0 = Release|Any CPU
		{37FE7D42-F387-4515-8126-2DB804BA4753}.Debug|Any CPU.ActiveCfg = Debug|Any CPU
		{37FE7D42-F387-4515-8126-2DB804BA4753}.Debug|Any CPU.Build.0 = Debug|Any CPU
		{37FE7D42-F387-4515-8126-2DB804BA4753}.Release|Any CPU.ActiveCfg = Release|Any CPU
		{37FE7D42-F387-4515-8126-2DB804BA4753}.Release|Any CPU.Build.0 = Release|Any CPU
		{143F8D07-71F5-4F36-BDD7-CC5454024C4F}.Debug|Any CPU.ActiveCfg = Debug|Any CPU
		{143F8D07-71F5-4F36-BDD7-CC5454024C4F}.Debug|Any CPU.Build.0 = Debug|Any CPU
		{143F8D07-71F5-4F36-BDD7-CC5454024C4F}.Release|Any CPU.ActiveCfg = Release|Any CPU
		{143F8D07-71F5-4F36-BDD7-CC5454024C4F}.Release|Any CPU.Build.0 = Release|Any CPU
		{D7CC10B1-4011-4E2A-B56F-E2663AFC9D6C}.Debug|Any CPU.ActiveCfg = Debug|Any CPU
		{D7CC10B1-4011-4E2A-B56F-E2663AFC9D6C}.Debug|Any CPU.Build.0 = Debug|Any CPU
		{D7CC10B1-4011-4E2A-B56F-E2663AFC9D6C}.Release|Any CPU.ActiveCfg = Release|Any CPU
		{D7CC10B1-4011-4E2A-B56F-E2663AFC9D6C}.Release|Any CPU.Build.0 = Release|Any CPU
		{36ED566A-7E06-4801-B1C0-F292195FE16F}.Debug|Any CPU.ActiveCfg = Debug|Any CPU
		{36ED566A-7E06-4801-B1C0-F292195FE16F}.Debug|Any CPU.Build.0 = Debug|Any CPU
		{36ED566A-7E06-4801-B1C0-F292195FE16F}.Release|Any CPU.ActiveCfg = Release|Any CPU
		{36ED566A-7E06-4801-B1C0-F292195FE16F}.Release|Any CPU.Build.0 = Release|Any CPU
	EndGlobalSection
	GlobalSection(SolutionProperties) = preSolution
		HideSolutionNode = FALSE
	EndGlobalSection
	GlobalSection(NestedProjects) = preSolution
		{8CBFE6C0-43EF-45C9-9A47-747AD19F433B} = {ADEB0324-7BA4-4C01-82AD-F8DFD45DC78F}
		{621EFE2A-4EF9-4E6C-9532-8694AFB52355} = {ADEB0324-7BA4-4C01-82AD-F8DFD45DC78F}
		{975A4E6D-A298-477B-80A1-B20AA159CFC4} = {ADEB0324-7BA4-4C01-82AD-F8DFD45DC78F}
		{480FE8A0-F3FF-459B-9DAF-7914F5C8CC88} = {ADEB0324-7BA4-4C01-82AD-F8DFD45DC78F}
		{EC8F3814-76D2-47D8-A559-B4DFFAE02854} = {8CBFE6C0-43EF-45C9-9A47-747AD19F433B}
		{2E4D83F1-5422-4FDC-BCC5-F09EB634C877} = {621EFE2A-4EF9-4E6C-9532-8694AFB52355}
		{7335D593-34BF-4A2C-8DED-83DD66CE7D56} = {621EFE2A-4EF9-4E6C-9532-8694AFB52355}
		{BE23E516-B9CA-4F12-BCFE-6CE963036924} = {975A4E6D-A298-477B-80A1-B20AA159CFC4}
		{9CFDC2F7-7112-4F16-8584-65A84754EEBC} = {975A4E6D-A298-477B-80A1-B20AA159CFC4}
		{FD4A7A16-5CCE-4F16-A831-14ECE3A82820} = {480FE8A0-F3FF-459B-9DAF-7914F5C8CC88}
		{C7211ABF-7830-4EAD-95AF-764BF728EF8F} = {480FE8A0-F3FF-459B-9DAF-7914F5C8CC88}
		{C1A35DB9-57B2-45F2-89F5-E1AE817940C4} = {480FE8A0-F3FF-459B-9DAF-7914F5C8CC88}
		{7608E972-DF55-45D9-96BA-D182AF13AFEF} = {480FE8A0-F3FF-459B-9DAF-7914F5C8CC88}
		{5A35E2B7-1EE3-42D0-8871-9480C5B218A7} = {3BC7C286-FDB7-431A-82AC-04F7E3C2A759}
		{37FE7D42-F387-4515-8126-2DB804BA4753} = {3BC7C286-FDB7-431A-82AC-04F7E3C2A759}
		{143F8D07-71F5-4F36-BDD7-CC5454024C4F} = {3BC7C286-FDB7-431A-82AC-04F7E3C2A759}
		{D7CC10B1-4011-4E2A-B56F-E2663AFC9D6C} = {3BC7C286-FDB7-431A-82AC-04F7E3C2A759}
		{36ED566A-7E06-4801-B1C0-F292195FE16F} = {3BC7C286-FDB7-431A-82AC-04F7E3C2A759}
	EndGlobalSection
	GlobalSection(ExtensibilityGlobals) = postSolution
		SolutionGuid = {2E2F20FC-E79E-4C43-B3B0-80C1C81D2669}
	EndGlobalSection
EndGlobal
