
Microsoft Visual Studio Solution File, Format Version 12.00
# Visual Studio Version 17
VisualStudioVersion = 17.2.32505.173
MinimumVisualStudioVersion = 10.0.40219.1
Project("{2150E333-8FDC-42A3-9474-1A3956D46DE8}") = "Src", "Src", "{4838AFE0-8464-4B8C-A22A-47DF0B09DC1D}"
EndProject
Project("{2150E333-8FDC-42A3-9474-1A3956D46DE8}") = "Doc", "Doc", "{51BBBD79-183E-41AE-954D-84B3A1E8EBAA}"
EndProject
Project("{2150E333-8FDC-42A3-9474-1A3956D46DE8}") = "Test", "Test", "{61266409-B806-429D-8E7E-549879D4A617}"
EndProject
Project("{2150E333-8FDC-42A3-9474-1A3956D46DE8}") = "Commons", "Commons", "{6D59725C-7761-430C-8C27-BA6A7AFE99A7}"
EndProject
Project("{2150E333-8FDC-42A3-9474-1A3956D46DE8}") = "Core", "Core", "{DA077385-BEAD-4A81-B1CE-9AB95632DFA0}"
EndProject
Project("{2150E333-8FDC-42A3-9474-1A3956D46DE8}") = "Infrastructures", "Infrastructures", "{21E2CC82-0A87-48DC-832A-7E9AE35E03CC}"
EndProject
Project("{2150E333-8FDC-42A3-9474-1A3956D46DE8}") = "Presentaion", "Presentaion", "{0585DE10-4A34-4B04-A257-5C107D3E4DAF}"
EndProject
Project("{FAE04EC0-301F-11D3-BF4B-00C04F79EFBC}") = "Common", "Common\Common.csproj", "{9A1AC840-5C04-4CF0-AFFA-5689C57B4747}"
EndProject
Project("{FAE04EC0-301F-11D3-BF4B-00C04F79EFBC}") = "Application", "Application\Application.csproj", "{348A60DE-9BA9-49AF-82D0-21CFE3AEB78C}"
EndProject
Project("{FAE04EC0-301F-11D3-BF4B-00C04F79EFBC}") = "Domain", "Domain\Domain.csproj", "{E0B4B9A2-6082-45FB-B1BE-BD486BDB64B4}"
EndProject
Project("{FAE04EC0-301F-11D3-BF4B-00C04F79EFBC}") = "Endpoint.Admin", "Endpoint.Admin\Endpoint.Admin.csproj", "{983CBD98-1561-46D4-9B64-75EA0BCFFB54}"
EndProject
Project("{FAE04EC0-301F-11D3-BF4B-00C04F79EFBC}") = "Endpoint.Site", "Endpoint.Site\Endpoint.Site.csproj", "{60BF2381-8012-493D-A327-4115A3613170}"
EndProject
Project("{FAE04EC0-301F-11D3-BF4B-00C04F79EFBC}") = "Infrastructure", "Infrastructure\Infrastructure.csproj", "{B4AA418B-096A-4B4F-8CA2-5975624CC126}"
EndProject
Project("{FAE04EC0-301F-11D3-BF4B-00C04F79EFBC}") = "Persistence", "Persistence\Persistence.csproj", "{16D7F64E-7BA6-490F-AF30-8F6E5039C9ED}"
EndProject
Global
	GlobalSection(SolutionConfigurationPlatforms) = preSolution
		Debug|Any CPU = Debug|Any CPU
		Release|Any CPU = Release|Any CPU
	EndGlobalSection
	GlobalSection(ProjectConfigurationPlatforms) = postSolution
		{9A1AC840-5C04-4CF0-AFFA-5689C57B4747}.Debug|Any CPU.ActiveCfg = Debug|Any CPU
		{9A1AC840-5C04-4CF0-AFFA-5689C57B4747}.Debug|Any CPU.Build.0 = Debug|Any CPU
		{9A1AC840-5C04-4CF0-AFFA-5689C57B4747}.Release|Any CPU.ActiveCfg = Release|Any CPU
		{9A1AC840-5C04-4CF0-AFFA-5689C57B4747}.Release|Any CPU.Build.0 = Release|Any CPU
		{348A60DE-9BA9-49AF-82D0-21CFE3AEB78C}.Debug|Any CPU.ActiveCfg = Debug|Any CPU
		{348A60DE-9BA9-49AF-82D0-21CFE3AEB78C}.Debug|Any CPU.Build.0 = Debug|Any CPU
		{348A60DE-9BA9-49AF-82D0-21CFE3AEB78C}.Release|Any CPU.ActiveCfg = Release|Any CPU
		{348A60DE-9BA9-49AF-82D0-21CFE3AEB78C}.Release|Any CPU.Build.0 = Release|Any CPU
		{E0B4B9A2-6082-45FB-B1BE-BD486BDB64B4}.Debug|Any CPU.ActiveCfg = Debug|Any CPU
		{E0B4B9A2-6082-45FB-B1BE-BD486BDB64B4}.Debug|Any CPU.Build.0 = Debug|Any CPU
		{E0B4B9A2-6082-45FB-B1BE-BD486BDB64B4}.Release|Any CPU.ActiveCfg = Release|Any CPU
		{E0B4B9A2-6082-45FB-B1BE-BD486BDB64B4}.Release|Any CPU.Build.0 = Release|Any CPU
		{983CBD98-1561-46D4-9B64-75EA0BCFFB54}.Debug|Any CPU.ActiveCfg = Debug|Any CPU
		{983CBD98-1561-46D4-9B64-75EA0BCFFB54}.Debug|Any CPU.Build.0 = Debug|Any CPU
		{983CBD98-1561-46D4-9B64-75EA0BCFFB54}.Release|Any CPU.ActiveCfg = Release|Any CPU
		{983CBD98-1561-46D4-9B64-75EA0BCFFB54}.Release|Any CPU.Build.0 = Release|Any CPU
		{60BF2381-8012-493D-A327-4115A3613170}.Debug|Any CPU.ActiveCfg = Debug|Any CPU
		{60BF2381-8012-493D-A327-4115A3613170}.Debug|Any CPU.Build.0 = Debug|Any CPU
		{60BF2381-8012-493D-A327-4115A3613170}.Release|Any CPU.ActiveCfg = Release|Any CPU
		{60BF2381-8012-493D-A327-4115A3613170}.Release|Any CPU.Build.0 = Release|Any CPU
		{B4AA418B-096A-4B4F-8CA2-5975624CC126}.Debug|Any CPU.ActiveCfg = Debug|Any CPU
		{B4AA418B-096A-4B4F-8CA2-5975624CC126}.Debug|Any CPU.Build.0 = Debug|Any CPU
		{B4AA418B-096A-4B4F-8CA2-5975624CC126}.Release|Any CPU.ActiveCfg = Release|Any CPU
		{B4AA418B-096A-4B4F-8CA2-5975624CC126}.Release|Any CPU.Build.0 = Release|Any CPU
		{16D7F64E-7BA6-490F-AF30-8F6E5039C9ED}.Debug|Any CPU.ActiveCfg = Debug|Any CPU
		{16D7F64E-7BA6-490F-AF30-8F6E5039C9ED}.Debug|Any CPU.Build.0 = Debug|Any CPU
		{16D7F64E-7BA6-490F-AF30-8F6E5039C9ED}.Release|Any CPU.ActiveCfg = Release|Any CPU
		{16D7F64E-7BA6-490F-AF30-8F6E5039C9ED}.Release|Any CPU.Build.0 = Release|Any CPU
	EndGlobalSection
	GlobalSection(SolutionProperties) = preSolution
		HideSolutionNode = FALSE
	EndGlobalSection
	GlobalSection(NestedProjects) = preSolution
		{6D59725C-7761-430C-8C27-BA6A7AFE99A7} = {4838AFE0-8464-4B8C-A22A-47DF0B09DC1D}
		{DA077385-BEAD-4A81-B1CE-9AB95632DFA0} = {4838AFE0-8464-4B8C-A22A-47DF0B09DC1D}
		{21E2CC82-0A87-48DC-832A-7E9AE35E03CC} = {4838AFE0-8464-4B8C-A22A-47DF0B09DC1D}
		{0585DE10-4A34-4B04-A257-5C107D3E4DAF} = {4838AFE0-8464-4B8C-A22A-47DF0B09DC1D}
		{9A1AC840-5C04-4CF0-AFFA-5689C57B4747} = {6D59725C-7761-430C-8C27-BA6A7AFE99A7}
		{348A60DE-9BA9-49AF-82D0-21CFE3AEB78C} = {DA077385-BEAD-4A81-B1CE-9AB95632DFA0}
		{E0B4B9A2-6082-45FB-B1BE-BD486BDB64B4} = {DA077385-BEAD-4A81-B1CE-9AB95632DFA0}
		{983CBD98-1561-46D4-9B64-75EA0BCFFB54} = {0585DE10-4A34-4B04-A257-5C107D3E4DAF}
		{60BF2381-8012-493D-A327-4115A3613170} = {0585DE10-4A34-4B04-A257-5C107D3E4DAF}
		{B4AA418B-096A-4B4F-8CA2-5975624CC126} = {21E2CC82-0A87-48DC-832A-7E9AE35E03CC}
		{16D7F64E-7BA6-490F-AF30-8F6E5039C9ED} = {21E2CC82-0A87-48DC-832A-7E9AE35E03CC}
	EndGlobalSection
	GlobalSection(ExtensibilityGlobals) = postSolution
		SolutionGuid = {C20F10C4-D6C9-4ECC-9B05-3CB4B6F74E63}
	EndGlobalSection
EndGlobal
